Microsoft Visual Studio Solution File, Format Version 12.00
# Visual Studio Version 17
VisualStudioVersion = 17.5.33530.505
MinimumVisualStudioVersion = 10.0.40219.1
Project("{9A19103F-16F7-4668-BE54-9A1E7A4F7556}") = "FloatingStatusWindow", "Library\FloatingStatusWindow.csproj", "{F023A16C-2F13-4A87-A8B7-22C43C4A58A4}"
EndProject
Project("{9A19103F-16F7-4668-BE54-9A1E7A4F7556}") = "TestWindow", "TestWindow\TestWindow.csproj", "{0C541788-8FFD-47B6-8E6B-653A884CFA55}"
EndProject
Project("{2150E333-8FDC-42A3-9474-1A3956D46DE8}") = "Solution", "Solution", "{C4E7C6BF-86B2-433B-B842-31B82811FAC9}"
	ProjectSection(SolutionItems) = preProject
		azure-pipelines.yml = azure-pipelines.yml
		LICENSE.md = LICENSE.md
		README.md = README.md
	EndProjectSection
EndProject
Global
	GlobalSection(SolutionConfigurationPlatforms) = preSolution
		Debug|Any CPU = Debug|Any CPU
		Debug|x64 = Debug|x64
		Debug|x86 = Debug|x86
		Release|Any CPU = Release|Any CPU
		Release|x64 = Release|x64
		Release|x86 = Release|x86
	EndGlobalSection
	GlobalSection(ProjectConfigurationPlatforms) = postSolution
		{F023A16C-2F13-4A87-A8B7-22C43C4A58A4}.Debug|Any CPU.ActiveCfg = Debug|Any CPU
		{F023A16C-2F13-4A87-A8B7-22C43C4A58A4}.Debug|Any CPU.Build.0 = Debug|Any CPU
		{F023A16C-2F13-4A87-A8B7-22C43C4A58A4}.Debug|x64.ActiveCfg = Debug|Any CPU
		{F023A16C-2F13-4A87-A8B7-22C43C4A58A4}.Debug|x86.ActiveCfg = Debug|Any CPU
		{F023A16C-2F13-4A87-A8B7-22C43C4A58A4}.Release|Any CPU.ActiveCfg = Release|Any CPU
		{F023A16C-2F13-4A87-A8B7-22C43C4A58A4}.Release|Any CPU.Build.0 = Release|Any CPU
		{F023A16C-2F13-4A87-A8B7-22C43C4A58A4}.Release|x64.ActiveCfg = Release|Any CPU
		{F023A16C-2F13-4A87-A8B7-22C43C4A58A4}.Release|x86.ActiveCfg = Release|Any CPU
		{0C541788-8FFD-47B6-8E6B-653A884CFA55}.Debug|Any CPU.ActiveCfg = Debug|Any CPU
		{0C541788-8FFD-47B6-8E6B-653A884CFA55}.Debug|Any CPU.Build.0 = Debug|Any CPU
		{0C541788-8FFD-47B6-8E6B-653A884CFA55}.Debug|x64.ActiveCfg = Debug|Any CPU
		{0C541788-8FFD-47B6-8E6B-653A884CFA55}.Debug|x86.ActiveCfg = Debug|Any CPU
		{0C541788-8FFD-47B6-8E6B-653A884CFA55}.Release|Any CPU.ActiveCfg = Release|Any CPU
		{0C541788-8FFD-47B6-8E6B-653A884CFA55}.Release|Any CPU.Build.0 = Release|Any CPU
		{0C541788-8FFD-47B6-8E6B-653A884CFA55}.Release|x64.ActiveCfg = Release|Any CPU
		{0C541788-8FFD-47B6-8E6B-653A884CFA55}.Release|x86.ActiveCfg = Release|Any CPU
	EndGlobalSection
	GlobalSection(SolutionProperties) = preSolution
		HideSolutionNode = FALSE
	EndGlobalSection
	GlobalSection(ExtensibilityGlobals) = postSolution
		SolutionGuid = {E40F39A4-B4A6-4C70-8FA5-EF84295E6E84}
	EndGlobalSection
EndGlobal
